
Microsoft Visual Studio Solution File, Format Version 12.00
# Visual Studio Version 16
VisualStudioVersion = 16.0.30406.217
MinimumVisualStudioVersion = 10.0.40219.1
Project("{FAE04EC0-301F-11D3-BF4B-00C04F79EFBC}") = "validationapp.Android", "validationapp\validationapp.Android\validationapp.Android.csproj", "{28D28124-FE56-482D-94DE-AF83F22BCEA0}"
EndProject
Project("{FAE04EC0-301F-11D3-BF4B-00C04F79EFBC}") = "validationapp", "validationapp\validationapp\validationapp.csproj", "{5FF6C6A2-A991-4000-8A71-8CA3D7834715}"
EndProject
Global
	GlobalSection(SolutionConfigurationPlatforms) = preSolution
		Debug|Any CPU = Debug|Any CPU
		Release|Any CPU = Release|Any CPU
	EndGlobalSection
	GlobalSection(ProjectConfigurationPlatforms) = postSolution
		{28D28124-FE56-482D-94DE-AF83F22BCEA0}.Debug|Any CPU.ActiveCfg = Debug|Any CPU
		{28D28124-FE56-482D-94DE-AF83F22BCEA0}.Debug|Any CPU.Build.0 = Debug|Any CPU
		{28D28124-FE56-482D-94DE-AF83F22BCEA0}.Debug|Any CPU.Deploy.0 = Debug|Any CPU
		{28D28124-FE56-482D-94DE-AF83F22BCEA0}.Release|Any CPU.ActiveCfg = Release|Any CPU
		{28D28124-FE56-482D-94DE-AF83F22BCEA0}.Release|Any CPU.Build.0 = Release|Any CPU
		{28D28124-FE56-482D-94DE-AF83F22BCEA0}.Release|Any CPU.Deploy.0 = Release|Any CPU
		{5FF6C6A2-A991-4000-8A71-8CA3D7834715}.Debug|Any CPU.ActiveCfg = Debug|Any CPU
		{5FF6C6A2-A991-4000-8A71-8CA3D7834715}.Debug|Any CPU.Build.0 = Debug|Any CPU
		{5FF6C6A2-A991-4000-8A71-8CA3D7834715}.Debug|Any CPU.Deploy.0 = Debug|Any CPU
		{5FF6C6A2-A991-4000-8A71-8CA3D7834715}.Release|Any CPU.ActiveCfg = Release|Any CPU
		{5FF6C6A2-A991-4000-8A71-8CA3D7834715}.Release|Any CPU.Build.0 = Release|Any CPU
		{5FF6C6A2-A991-4000-8A71-8CA3D7834715}.Release|Any CPU.Deploy.0 = Release|Any CPU
	EndGlobalSection
	GlobalSection(SolutionProperties) = preSolution
		HideSolutionNode = FALSE
	EndGlobalSection
	GlobalSection(ExtensibilityGlobals) = postSolution
		SolutionGuid = {6F772EF6-1C3C-455E-8C87-0017172F2E47}
	EndGlobalSection
EndGlobal
